# This file was autogenerated by Stack.
# You should not edit this file by hand.
# For more information, please see the documentation at:
#   https://docs.haskellstack.org/en/stable/lock_files

packages:
- completed:
    hackage: dependent-hashmap-0.1.0.1@sha256:6d1c20bd79f32d8daebd3cc741f884cc3d093118e3b876eb957defd4c594a966,1892
    pantry-tree:
      size: 334
      sha256: 817b36b81735d96696c5b165357c431e0b396dcf45afb8b4384fbfd4f4499cbb
  original:
    hackage: dependent-hashmap-0.1.0.1@sha256:6d1c20bd79f32d8daebd3cc741f884cc3d093118e3b876eb957defd4c594a966,1892
- completed:
    hackage: rock-0.3.1.0@sha256:8eb0840eae3b7cd4d577f597de9f477042ec25c9b624d6bfdc52fe8a489b0624,3591
    pantry-tree:
      size: 535
      sha256: c3dca7a4870fc03457af6447ff0aec1ac41af126e00665c0a825d501141c65ed
  original:
    hackage: rock-0.3.1.0@sha256:8eb0840eae3b7cd4d577f597de9f477042ec25c9b624d6bfdc52fe8a489b0624,3591
snapshots:
- completed:
    size: 586110
    url: https://raw.githubusercontent.com/commercialhaskell/stackage-snapshots/master/lts/18/21.yaml
    sha256: ce4fb8d44f3c6c6032060a02e0ebb1bd29937c9a70101c1517b92a87d9515160
  original: lts-18.21
